
Microsoft Visual Studio Solution File, Format Version 12.00
# Visual Studio 14
VisualStudioVersion = 14.0.25420.1
MinimumVisualStudioVersion = 10.0.40219.1
Project("{8BC9CEB8-8B4A-11D0-8D11-00A0C91BC942}") = "mandelbrot", "projects\mandelbrot.vcxproj", "{02FEFEDF-062A-42CD-B341-D9CEE93F6119}"
EndProject
Project("{8BC9CEB8-8B4A-11D0-8D11-00A0C91BC942}") = "viral_core", "..\..\..\..\Hiwi\werner\viral\tools\visual_studio_2015\projects\viral_core.vcxproj", "{AAE2F80F-754F-4255-AA66-677E4E181D8D}"
EndProject
Project("{8BC9CEB8-8B4A-11D0-8D11-00A0C91BC942}") = "viral_gui", "..\..\..\..\Hiwi\werner\viral\tools\visual_studio_2015\projects\viral_gui.vcxproj", "{121B8A17-FC25-4C1F-87FF-CD9A5641F547}"
EndProject
Project("{2150E333-8FDC-42A3-9474-1A3956D46DE8}") = "viral", "viral", "{4926880A-90D8-4037-9338-A1A4394C8643}"
EndProject
Project("{2150E333-8FDC-42A3-9474-1A3956D46DE8}") = "external", "external", "{4981A7D4-B9BE-49D3-AD0B-CF51522F6FDC}"
EndProject
Project("{8BC9CEB8-8B4A-11D0-8D11-00A0C91BC942}") = "expat", "..\..\..\..\Hiwi\werner\viral\tools\visual_studio_2015\external\expat.vcxproj", "{48B9F5EE-DFF8-4478-B9DA-F73B287E5773}"
EndProject
Project("{8BC9CEB8-8B4A-11D0-8D11-00A0C91BC942}") = "glfw", "..\..\..\..\Hiwi\werner\viral\tools\visual_studio_2015\external\glfw.vcxproj", "{42EB0780-3DAF-486C-A580-2C0EB5592F38}"
EndProject
Project("{8BC9CEB8-8B4A-11D0-8D11-00A0C91BC942}") = "libjpeg", "..\..\..\..\Hiwi\werner\viral\tools\visual_studio_2015\external\libjpeg.vcxproj", "{C5F977F4-1FC7-4C98-B1DD-53C1E7D2FE70}"
EndProject
Project("{8BC9CEB8-8B4A-11D0-8D11-00A0C91BC942}") = "libogg", "..\..\..\..\Hiwi\werner\viral\tools\visual_studio_2015\external\libogg.vcxproj", "{A352F81B-0853-4BF8-A118-2458FEDCA3E4}"
EndProject
Project("{8BC9CEB8-8B4A-11D0-8D11-00A0C91BC942}") = "libpng", "..\..\..\..\Hiwi\werner\viral\tools\visual_studio_2015\external\libpng.vcxproj", "{66B067F1-4EB8-44CE-BFA2-32D2B582A75F}"
EndProject
Project("{8BC9CEB8-8B4A-11D0-8D11-00A0C91BC942}") = "libvorbis", "..\..\..\..\Hiwi\werner\viral\tools\visual_studio_2015\external\libvorbis.vcxproj", "{5028BB57-80B6-4ADB-BC16-D27F98ADD82E}"
EndProject
Project("{8BC9CEB8-8B4A-11D0-8D11-00A0C91BC942}") = "zlib", "..\..\..\..\Hiwi\werner\viral\tools\visual_studio_2015\external\zlib.vcxproj", "{57EFCBAC-C6DB-4A0A-911B-029DFD676B7B}"
EndProject
Project("{8BC9CEB8-8B4A-11D0-8D11-00A0C91BC942}") = "viral_test", "..\..\..\..\Hiwi\werner_svn\viral\tools\visual_studio_2015\projects\viral_test.vcxproj", "{94AAA072-EAC9-4034-824A-EA4100B4883A}"
EndProject
Global
	GlobalSection(SolutionConfigurationPlatforms) = preSolution
		Debug|x64 = Debug|x64
		Debug|x86 = Debug|x86
		Release|x64 = Release|x64
		Release|x86 = Release|x86
	EndGlobalSection
	GlobalSection(ProjectConfigurationPlatforms) = postSolution
		{02FEFEDF-062A-42CD-B341-D9CEE93F6119}.Debug|x64.ActiveCfg = Debug|x64
		{02FEFEDF-062A-42CD-B341-D9CEE93F6119}.Debug|x64.Build.0 = Debug|x64
		{02FEFEDF-062A-42CD-B341-D9CEE93F6119}.Debug|x86.ActiveCfg = Debug|x64
		{02FEFEDF-062A-42CD-B341-D9CEE93F6119}.Release|x64.ActiveCfg = Release|x64
		{02FEFEDF-062A-42CD-B341-D9CEE93F6119}.Release|x64.Build.0 = Release|x64
		{02FEFEDF-062A-42CD-B341-D9CEE93F6119}.Release|x86.ActiveCfg = Release|x64
		{AAE2F80F-754F-4255-AA66-677E4E181D8D}.Debug|x64.ActiveCfg = Debug|x64
		{AAE2F80F-754F-4255-AA66-677E4E181D8D}.Debug|x64.Build.0 = Debug|x64
		{AAE2F80F-754F-4255-AA66-677E4E181D8D}.Debug|x86.ActiveCfg = Debug|Win32
		{AAE2F80F-754F-4255-AA66-677E4E181D8D}.Debug|x86.Build.0 = Debug|Win32
		{AAE2F80F-754F-4255-AA66-677E4E181D8D}.Release|x64.ActiveCfg = Release|x64
		{AAE2F80F-754F-4255-AA66-677E4E181D8D}.Release|x64.Build.0 = Release|x64
		{AAE2F80F-754F-4255-AA66-677E4E181D8D}.Release|x86.ActiveCfg = Release|Win32
		{AAE2F80F-754F-4255-AA66-677E4E181D8D}.Release|x86.Build.0 = Release|Win32
		{121B8A17-FC25-4C1F-87FF-CD9A5641F547}.Debug|x64.ActiveCfg = Debug|x64
		{121B8A17-FC25-4C1F-87FF-CD9A5641F547}.Debug|x64.Build.0 = Debug|x64
		{121B8A17-FC25-4C1F-87FF-CD9A5641F547}.Debug|x86.ActiveCfg = Debug|Win32
		{121B8A17-FC25-4C1F-87FF-CD9A5641F547}.Debug|x86.Build.0 = Debug|Win32
		{121B8A17-FC25-4C1F-87FF-CD9A5641F547}.Release|x64.ActiveCfg = Release|x64
		{121B8A17-FC25-4C1F-87FF-CD9A5641F547}.Release|x64.Build.0 = Release|x64
		{121B8A17-FC25-4C1F-87FF-CD9A5641F547}.Release|x86.ActiveCfg = Release|Win32
		{121B8A17-FC25-4C1F-87FF-CD9A5641F547}.Release|x86.Build.0 = Release|Win32
		{48B9F5EE-DFF8-4478-B9DA-F73B287E5773}.Debug|x64.ActiveCfg = Debug|x64
		{48B9F5EE-DFF8-4478-B9DA-F73B287E5773}.Debug|x64.Build.0 = Debug|x64
		{48B9F5EE-DFF8-4478-B9DA-F73B287E5773}.Debug|x86.ActiveCfg = Debug|Win32
		{48B9F5EE-DFF8-4478-B9DA-F73B287E5773}.Debug|x86.Build.0 = Debug|Win32
		{48B9F5EE-DFF8-4478-B9DA-F73B287E5773}.Release|x64.ActiveCfg = Release|x64
		{48B9F5EE-DFF8-4478-B9DA-F73B287E5773}.Release|x64.Build.0 = Release|x64
		{48B9F5EE-DFF8-4478-B9DA-F73B287E5773}.Release|x86.ActiveCfg = Release|Win32
		{48B9F5EE-DFF8-4478-B9DA-F73B287E5773}.Release|x86.Build.0 = Release|Win32
		{42EB0780-3DAF-486C-A580-2C0EB5592F38}.Debug|x64.ActiveCfg = Debug|x64
		{42EB0780-3DAF-486C-A580-2C0EB5592F38}.Debug|x64.Build.0 = Debug|x64
		{42EB0780-3DAF-486C-A580-2C0EB5592F38}.Debug|x86.ActiveCfg = Debug|Win32
		{42EB0780-3DAF-486C-A580-2C0EB5592F38}.Debug|x86.Build.0 = Debug|Win32
		{42EB0780-3DAF-486C-A580-2C0EB5592F38}.Release|x64.ActiveCfg = Release|x64
		{42EB0780-3DAF-486C-A580-2C0EB5592F38}.Release|x64.Build.0 = Release|x64
		{42EB0780-3DAF-486C-A580-2C0EB5592F38}.Release|x86.ActiveCfg = Release|Win32
		{42EB0780-3DAF-486C-A580-2C0EB5592F38}.Release|x86.Build.0 = Release|Win32
		{C5F977F4-1FC7-4C98-B1DD-53C1E7D2FE70}.Debug|x64.ActiveCfg = Debug|x64
		{C5F977F4-1FC7-4C98-B1DD-53C1E7D2FE70}.Debug|x64.Build.0 = Debug|x64
		{C5F977F4-1FC7-4C98-B1DD-53C1E7D2FE70}.Debug|x86.ActiveCfg = Debug|Win32
		{C5F977F4-1FC7-4C98-B1DD-53C1E7D2FE70}.Debug|x86.Build.0 = Debug|Win32
		{C5F977F4-1FC7-4C98-B1DD-53C1E7D2FE70}.Release|x64.ActiveCfg = Release|x64
		{C5F977F4-1FC7-4C98-B1DD-53C1E7D2FE70}.Release|x64.Build.0 = Release|x64
		{C5F977F4-1FC7-4C98-B1DD-53C1E7D2FE70}.Release|x86.ActiveCfg = Release|Win32
		{C5F977F4-1FC7-4C98-B1DD-53C1E7D2FE70}.Release|x86.Build.0 = Release|Win32
		{A352F81B-0853-4BF8-A118-2458FEDCA3E4}.Debug|x64.ActiveCfg = Debug|x64
		{A352F81B-0853-4BF8-A118-2458FEDCA3E4}.Debug|x64.Build.0 = Debug|x64
		{A352F81B-0853-4BF8-A118-2458FEDCA3E4}.Debug|x86.ActiveCfg = Debug|Win32
		{A352F81B-0853-4BF8-A118-2458FEDCA3E4}.Debug|x86.Build.0 = Debug|Win32
		{A352F81B-0853-4BF8-A118-2458FEDCA3E4}.Release|x64.ActiveCfg = Release|x64
		{A352F81B-0853-4BF8-A118-2458FEDCA3E4}.Release|x64.Build.0 = Release|x64
		{A352F81B-0853-4BF8-A118-2458FEDCA3E4}.Release|x86.ActiveCfg = Release|Win32
		{A352F81B-0853-4BF8-A118-2458FEDCA3E4}.Release|x86.Build.0 = Release|Win32
		{66B067F1-4EB8-44CE-BFA2-32D2B582A75F}.Debug|x64.ActiveCfg = Debug|x64
		{66B067F1-4EB8-44CE-BFA2-32D2B582A75F}.Debug|x64.Build.0 = Debug|x64
		{66B067F1-4EB8-44CE-BFA2-32D2B582A75F}.Debug|x86.ActiveCfg = Debug|Win32
		{66B067F1-4EB8-44CE-BFA2-32D2B582A75F}.Debug|x86.Build.0 = Debug|Win32
		{66B067F1-4EB8-44CE-BFA2-32D2B582A75F}.Release|x64.ActiveCfg = Release|x64
		{66B067F1-4EB8-44CE-BFA2-32D2B582A75F}.Release|x64.Build.0 = Release|x64
		{66B067F1-4EB8-44CE-BFA2-32D2B582A75F}.Release|x86.ActiveCfg = Release|Win32
		{66B067F1-4EB8-44CE-BFA2-32D2B582A75F}.Release|x86.Build.0 = Release|Win32
		{5028BB57-80B6-4ADB-BC16-D27F98ADD82E}.Debug|x64.ActiveCfg = Debug|x64
		{5028BB57-80B6-4ADB-BC16-D27F98ADD82E}.Debug|x64.Build.0 = Debug|x64
		{5028BB57-80B6-4ADB-BC16-D27F98ADD82E}.Debug|x86.ActiveCfg = Debug|Win32
		{5028BB57-80B6-4ADB-BC16-D27F98ADD82E}.Debug|x86.Build.0 = Debug|Win32
		{5028BB57-80B6-4ADB-BC16-D27F98ADD82E}.Release|x64.ActiveCfg = Release|x64
		{5028BB57-80B6-4ADB-BC16-D27F98ADD82E}.Release|x64.Build.0 = Release|x64
		{5028BB57-80B6-4ADB-BC16-D27F98ADD82E}.Release|x86.ActiveCfg = Release|Win32
		{5028BB57-80B6-4ADB-BC16-D27F98ADD82E}.Release|x86.Build.0 = Release|Win32
		{57EFCBAC-C6DB-4A0A-911B-029DFD676B7B}.Debug|x64.ActiveCfg = Debug|x64
		{57EFCBAC-C6DB-4A0A-911B-029DFD676B7B}.Debug|x64.Build.0 = Debug|x64
		{57EFCBAC-C6DB-4A0A-911B-029DFD676B7B}.Debug|x86.ActiveCfg = Debug|Win32
		{57EFCBAC-C6DB-4A0A-911B-029DFD676B7B}.Debug|x86.Build.0 = Debug|Win32
		{57EFCBAC-C6DB-4A0A-911B-029DFD676B7B}.Release|x64.ActiveCfg = Release|x64
		{57EFCBAC-C6DB-4A0A-911B-029DFD676B7B}.Release|x64.Build.0 = Release|x64
		{57EFCBAC-C6DB-4A0A-911B-029DFD676B7B}.Release|x86.ActiveCfg = Release|Win32
		{57EFCBAC-C6DB-4A0A-911B-029DFD676B7B}.Release|x86.Build.0 = Release|Win32
		{94AAA072-EAC9-4034-824A-EA4100B4883A}.Debug|x64.ActiveCfg = Debug|x64
		{94AAA072-EAC9-4034-824A-EA4100B4883A}.Debug|x64.Build.0 = Debug|x64
		{94AAA072-EAC9-4034-824A-EA4100B4883A}.Debug|x86.ActiveCfg = Debug|Win32
		{94AAA072-EAC9-4034-824A-EA4100B4883A}.Debug|x86.Build.0 = Debug|Win32
		{94AAA072-EAC9-4034-824A-EA4100B4883A}.Release|x64.ActiveCfg = Release|x64
		{94AAA072-EAC9-4034-824A-EA4100B4883A}.Release|x64.Build.0 = Release|x64
		{94AAA072-EAC9-4034-824A-EA4100B4883A}.Release|x86.ActiveCfg = Release|Win32
		{94AAA072-EAC9-4034-824A-EA4100B4883A}.Release|x86.Build.0 = Release|Win32
	EndGlobalSection
	GlobalSection(SolutionProperties) = preSolution
		HideSolutionNode = FALSE
	EndGlobalSection
	GlobalSection(NestedProjects) = preSolution
		{AAE2F80F-754F-4255-AA66-677E4E181D8D} = {4926880A-90D8-4037-9338-A1A4394C8643}
		{121B8A17-FC25-4C1F-87FF-CD9A5641F547} = {4926880A-90D8-4037-9338-A1A4394C8643}
		{4981A7D4-B9BE-49D3-AD0B-CF51522F6FDC} = {4926880A-90D8-4037-9338-A1A4394C8643}
		{48B9F5EE-DFF8-4478-B9DA-F73B287E5773} = {4981A7D4-B9BE-49D3-AD0B-CF51522F6FDC}
		{42EB0780-3DAF-486C-A580-2C0EB5592F38} = {4981A7D4-B9BE-49D3-AD0B-CF51522F6FDC}
		{C5F977F4-1FC7-4C98-B1DD-53C1E7D2FE70} = {4981A7D4-B9BE-49D3-AD0B-CF51522F6FDC}
		{A352F81B-0853-4BF8-A118-2458FEDCA3E4} = {4981A7D4-B9BE-49D3-AD0B-CF51522F6FDC}
		{66B067F1-4EB8-44CE-BFA2-32D2B582A75F} = {4981A7D4-B9BE-49D3-AD0B-CF51522F6FDC}
		{5028BB57-80B6-4ADB-BC16-D27F98ADD82E} = {4981A7D4-B9BE-49D3-AD0B-CF51522F6FDC}
		{57EFCBAC-C6DB-4A0A-911B-029DFD676B7B} = {4981A7D4-B9BE-49D3-AD0B-CF51522F6FDC}
		{94AAA072-EAC9-4034-824A-EA4100B4883A} = {4926880A-90D8-4037-9338-A1A4394C8643}
	EndGlobalSection
EndGlobal
